
Microsoft Visual Studio Solution File, Format Version 12.00
Project("{FAE04EC0-301F-11D3-BF4B-00C04F79EFBC}") = "WebAutopark", "WebAutopark\WebAutopark.csproj", "{7417C63E-3593-4E0C-9440-819535DF3325}"
EndProject
Project("{FAE04EC0-301F-11D3-BF4B-00C04F79EFBC}") = "WebAutopark.Core", "WebAutopark.Core\WebAutopark.Core.csproj", "{8DB943AC-03CF-46F4-9034-99218799C940}"
EndProject
Project("{FAE04EC0-301F-11D3-BF4B-00C04F79EFBC}") = "WebAutopark.DataAccess", "WebAutopark.DataAccess\WebAutopark.DataAccess.csproj", "{A37F91C2-D249-4CA2-BB6A-26BA8DEC25F3}"
EndProject
Project("{FAE04EC0-301F-11D3-BF4B-00C04F79EFBC}") = "WebAutopark.Tests", "WebAutopark.Tests\WebAutopark.Tests.csproj", "{66042C24-2DD6-4258-A916-238A993FB257}"
EndProject
Project("{FAE04EC0-301F-11D3-BF4B-00C04F79EFBC}") = "WebAutopark.BusinessLayer", "WebAutopark.BusinessLayer\WebAutopark.BusinessLayer.csproj", "{4A0D37B9-5ECB-4360-AC51-DD07D19EB701}"
EndProject
Global
	GlobalSection(SolutionConfigurationPlatforms) = preSolution
		Debug|Any CPU = Debug|Any CPU
		Release|Any CPU = Release|Any CPU
	EndGlobalSection
	GlobalSection(ProjectConfigurationPlatforms) = postSolution
		{7417C63E-3593-4E0C-9440-819535DF3325}.Debug|Any CPU.ActiveCfg = Debug|Any CPU
		{7417C63E-3593-4E0C-9440-819535DF3325}.Debug|Any CPU.Build.0 = Debug|Any CPU
		{7417C63E-3593-4E0C-9440-819535DF3325}.Release|Any CPU.ActiveCfg = Release|Any CPU
		{7417C63E-3593-4E0C-9440-819535DF3325}.Release|Any CPU.Build.0 = Release|Any CPU
		{8DB943AC-03CF-46F4-9034-99218799C940}.Debug|Any CPU.ActiveCfg = Debug|Any CPU
		{8DB943AC-03CF-46F4-9034-99218799C940}.Debug|Any CPU.Build.0 = Debug|Any CPU
		{8DB943AC-03CF-46F4-9034-99218799C940}.Release|Any CPU.ActiveCfg = Release|Any CPU
		{8DB943AC-03CF-46F4-9034-99218799C940}.Release|Any CPU.Build.0 = Release|Any CPU
		{A37F91C2-D249-4CA2-BB6A-26BA8DEC25F3}.Debug|Any CPU.ActiveCfg = Debug|Any CPU
		{A37F91C2-D249-4CA2-BB6A-26BA8DEC25F3}.Debug|Any CPU.Build.0 = Debug|Any CPU
		{A37F91C2-D249-4CA2-BB6A-26BA8DEC25F3}.Release|Any CPU.ActiveCfg = Release|Any CPU
		{A37F91C2-D249-4CA2-BB6A-26BA8DEC25F3}.Release|Any CPU.Build.0 = Release|Any CPU
		{66042C24-2DD6-4258-A916-238A993FB257}.Debug|Any CPU.ActiveCfg = Debug|Any CPU
		{66042C24-2DD6-4258-A916-238A993FB257}.Debug|Any CPU.Build.0 = Debug|Any CPU
		{66042C24-2DD6-4258-A916-238A993FB257}.Release|Any CPU.ActiveCfg = Release|Any CPU
		{66042C24-2DD6-4258-A916-238A993FB257}.Release|Any CPU.Build.0 = Release|Any CPU
		{4A0D37B9-5ECB-4360-AC51-DD07D19EB701}.Debug|Any CPU.ActiveCfg = Debug|Any CPU
		{4A0D37B9-5ECB-4360-AC51-DD07D19EB701}.Debug|Any CPU.Build.0 = Debug|Any CPU
		{4A0D37B9-5ECB-4360-AC51-DD07D19EB701}.Release|Any CPU.ActiveCfg = Release|Any CPU
		{4A0D37B9-5ECB-4360-AC51-DD07D19EB701}.Release|Any CPU.Build.0 = Release|Any CPU
	EndGlobalSection
EndGlobal
